
Microsoft Visual Studio Solution File, Format Version 12.00
# Visual Studio Version 17
VisualStudioVersion = 17.7.34024.191
MinimumVisualStudioVersion = 10.0.40219.1
Project("{FAE04EC0-301F-11D3-BF4B-00C04F79EFBC}") = "GeoFindsYou.Android", "GeoFindsYou\GeoFindsYou.Android\GeoFindsYou.Android.csproj", "{E3F644C1-CEE9-413A-A02D-D0AA15F25EC0}"
EndProject
Project("{FAE04EC0-301F-11D3-BF4B-00C04F79EFBC}") = "GeoFindsYou.iOS", "GeoFindsYou\GeoFindsYou.iOS\GeoFindsYou.iOS.csproj", "{7C766F89-C149-4EF2-BD1A-A2F4C382D030}"
EndProject
Project("{FAE04EC0-301F-11D3-BF4B-00C04F79EFBC}") = "GeoFindsYou", "GeoFindsYou\GeoFindsYou\GeoFindsYou.csproj", "{64574103-D628-4ECD-80B8-EDDCA44F5937}"
EndProject
Global
	GlobalSection(SolutionConfigurationPlatforms) = preSolution
		Debug|Any CPU = Debug|Any CPU
		Debug|iPhone = Debug|iPhone
		Debug|iPhoneSimulator = Debug|iPhoneSimulator
		Release|Any CPU = Release|Any CPU
		Release|iPhone = Release|iPhone
		Release|iPhoneSimulator = Release|iPhoneSimulator
	EndGlobalSection
	GlobalSection(ProjectConfigurationPlatforms) = postSolution
		{E3F644C1-CEE9-413A-A02D-D0AA15F25EC0}.Debug|Any CPU.ActiveCfg = Debug|Any CPU
		{E3F644C1-CEE9-413A-A02D-D0AA15F25EC0}.Debug|Any CPU.Build.0 = Debug|Any CPU
		{E3F644C1-CEE9-413A-A02D-D0AA15F25EC0}.Debug|Any CPU.Deploy.0 = Debug|Any CPU
		{E3F644C1-CEE9-413A-A02D-D0AA15F25EC0}.Debug|iPhone.ActiveCfg = Debug|Any CPU
		{E3F644C1-CEE9-413A-A02D-D0AA15F25EC0}.Debug|iPhone.Build.0 = Debug|Any CPU
		{E3F644C1-CEE9-413A-A02D-D0AA15F25EC0}.Debug|iPhone.Deploy.0 = Debug|Any CPU
		{E3F644C1-CEE9-413A-A02D-D0AA15F25EC0}.Debug|iPhoneSimulator.ActiveCfg = Debug|Any CPU
		{E3F644C1-CEE9-413A-A02D-D0AA15F25EC0}.Debug|iPhoneSimulator.Build.0 = Debug|Any CPU
		{E3F644C1-CEE9-413A-A02D-D0AA15F25EC0}.Debug|iPhoneSimulator.Deploy.0 = Debug|Any CPU
		{E3F644C1-CEE9-413A-A02D-D0AA15F25EC0}.Release|Any CPU.ActiveCfg = Release|Any CPU
		{E3F644C1-CEE9-413A-A02D-D0AA15F25EC0}.Release|Any CPU.Build.0 = Release|Any CPU
		{E3F644C1-CEE9-413A-A02D-D0AA15F25EC0}.Release|Any CPU.Deploy.0 = Release|Any CPU
		{E3F644C1-CEE9-413A-A02D-D0AA15F25EC0}.Release|iPhone.ActiveCfg = Release|Any CPU
		{E3F644C1-CEE9-413A-A02D-D0AA15F25EC0}.Release|iPhone.Build.0 = Release|Any CPU
		{E3F644C1-CEE9-413A-A02D-D0AA15F25EC0}.Release|iPhone.Deploy.0 = Release|Any CPU
		{E3F644C1-CEE9-413A-A02D-D0AA15F25EC0}.Release|iPhoneSimulator.ActiveCfg = Release|Any CPU
		{E3F644C1-CEE9-413A-A02D-D0AA15F25EC0}.Release|iPhoneSimulator.Build.0 = Release|Any CPU
		{E3F644C1-CEE9-413A-A02D-D0AA15F25EC0}.Release|iPhoneSimulator.Deploy.0 = Release|Any CPU
		{7C766F89-C149-4EF2-BD1A-A2F4C382D030}.Debug|Any CPU.ActiveCfg = Debug|iPhone
		{7C766F89-C149-4EF2-BD1A-A2F4C382D030}.Debug|Any CPU.Build.0 = Debug|iPhone
		{7C766F89-C149-4EF2-BD1A-A2F4C382D030}.Debug|Any CPU.Deploy.0 = Debug|iPhone
		{7C766F89-C149-4EF2-BD1A-A2F4C382D030}.Debug|iPhone.ActiveCfg = Debug|iPhone
		{7C766F89-C149-4EF2-BD1A-A2F4C382D030}.Debug|iPhone.Build.0 = Debug|iPhone
		{7C766F89-C149-4EF2-BD1A-A2F4C382D030}.Debug|iPhone.Deploy.0 = Debug|iPhone
		{7C766F89-C149-4EF2-BD1A-A2F4C382D030}.Debug|iPhoneSimulator.ActiveCfg = Debug|iPhoneSimulator
		{7C766F89-C149-4EF2-BD1A-A2F4C382D030}.Debug|iPhoneSimulator.Build.0 = Debug|iPhoneSimulator
		{7C766F89-C149-4EF2-BD1A-A2F4C382D030}.Debug|iPhoneSimulator.Deploy.0 = Debug|iPhoneSimulator
		{7C766F89-C149-4EF2-BD1A-A2F4C382D030}.Release|Any CPU.ActiveCfg = Release|iPhoneSimulator
		{7C766F89-C149-4EF2-BD1A-A2F4C382D030}.Release|Any CPU.Build.0 = Release|iPhoneSimulator
		{7C766F89-C149-4EF2-BD1A-A2F4C382D030}.Release|Any CPU.Deploy.0 = Release|iPhoneSimulator
		{7C766F89-C149-4EF2-BD1A-A2F4C382D030}.Release|iPhone.ActiveCfg = Release|iPhone
		{7C766F89-C149-4EF2-BD1A-A2F4C382D030}.Release|iPhone.Build.0 = Release|iPhone
		{7C766F89-C149-4EF2-BD1A-A2F4C382D030}.Release|iPhone.Deploy.0 = Release|iPhone
		{7C766F89-C149-4EF2-BD1A-A2F4C382D030}.Release|iPhoneSimulator.ActiveCfg = Release|iPhoneSimulator
		{7C766F89-C149-4EF2-BD1A-A2F4C382D030}.Release|iPhoneSimulator.Build.0 = Release|iPhoneSimulator
		{7C766F89-C149-4EF2-BD1A-A2F4C382D030}.Release|iPhoneSimulator.Deploy.0 = Release|iPhoneSimulator
		{64574103-D628-4ECD-80B8-EDDCA44F5937}.Debug|Any CPU.ActiveCfg = Debug|Any CPU
		{64574103-D628-4ECD-80B8-EDDCA44F5937}.Debug|Any CPU.Build.0 = Debug|Any CPU
		{64574103-D628-4ECD-80B8-EDDCA44F5937}.Debug|Any CPU.Deploy.0 = Debug|Any CPU
		{64574103-D628-4ECD-80B8-EDDCA44F5937}.Debug|iPhone.ActiveCfg = Debug|Any CPU
		{64574103-D628-4ECD-80B8-EDDCA44F5937}.Debug|iPhone.Build.0 = Debug|Any CPU
		{64574103-D628-4ECD-80B8-EDDCA44F5937}.Debug|iPhone.Deploy.0 = Debug|Any CPU
		{64574103-D628-4ECD-80B8-EDDCA44F5937}.Debug|iPhoneSimulator.ActiveCfg = Debug|Any CPU
		{64574103-D628-4ECD-80B8-EDDCA44F5937}.Debug|iPhoneSimulator.Build.0 = Debug|Any CPU
		{64574103-D628-4ECD-80B8-EDDCA44F5937}.Debug|iPhoneSimulator.Deploy.0 = Debug|Any CPU
		{64574103-D628-4ECD-80B8-EDDCA44F5937}.Release|Any CPU.ActiveCfg = Release|Any CPU
		{64574103-D628-4ECD-80B8-EDDCA44F5937}.Release|Any CPU.Build.0 = Release|Any CPU
		{64574103-D628-4ECD-80B8-EDDCA44F5937}.Release|Any CPU.Deploy.0 = Release|Any CPU
		{64574103-D628-4ECD-80B8-EDDCA44F5937}.Release|iPhone.ActiveCfg = Release|Any CPU
		{64574103-D628-4ECD-80B8-EDDCA44F5937}.Release|iPhone.Build.0 = Release|Any CPU
		{64574103-D628-4ECD-80B8-EDDCA44F5937}.Release|iPhone.Deploy.0 = Release|Any CPU
		{64574103-D628-4ECD-80B8-EDDCA44F5937}.Release|iPhoneSimulator.ActiveCfg = Release|Any CPU
		{64574103-D628-4ECD-80B8-EDDCA44F5937}.Release|iPhoneSimulator.Build.0 = Release|Any CPU
		{64574103-D628-4ECD-80B8-EDDCA44F5937}.Release|iPhoneSimulator.Deploy.0 = Release|Any CPU
	EndGlobalSection
	GlobalSection(SolutionProperties) = preSolution
		HideSolutionNode = FALSE
	EndGlobalSection
	GlobalSection(ExtensibilityGlobals) = postSolution
		SolutionGuid = {153BE55E-B945-4B92-8994-ABB82C4FEDFB}
	EndGlobalSection
EndGlobal
